
Microsoft Visual Studio Solution File, Format Version 12.00
# Visual Studio 15
VisualStudioVersion = 15.0.26430.16
MinimumVisualStudioVersion = 10.0.40219.1
Project("{FAE04EC0-301F-11D3-BF4B-00C04F79EFBC}") = "IndyBank", "IndyBank\IndyBank.csproj", "{6F4741B7-A545-4269-95B6-E275ADB05E9E}"
EndProject
Project("{FAE04EC0-301F-11D3-BF4B-00C04F79EFBC}") = "IndyBank.Tests", "IndyBank.Tests\IndyBank.Tests.csproj", "{95F79DD1-A144-4BC8-8C21-E6A49599CDED}"
EndProject
Global
	GlobalSection(SolutionConfigurationPlatforms) = preSolution
		Debug|Any CPU = Debug|Any CPU
		Release|Any CPU = Release|Any CPU
	EndGlobalSection
	GlobalSection(ProjectConfigurationPlatforms) = postSolution
		{6F4741B7-A545-4269-95B6-E275ADB05E9E}.Debug|Any CPU.ActiveCfg = Debug|Any CPU
		{6F4741B7-A545-4269-95B6-E275ADB05E9E}.Debug|Any CPU.Build.0 = Debug|Any CPU
		{6F4741B7-A545-4269-95B6-E275ADB05E9E}.Release|Any CPU.ActiveCfg = Release|Any CPU
		{6F4741B7-A545-4269-95B6-E275ADB05E9E}.Release|Any CPU.Build.0 = Release|Any CPU
		{95F79DD1-A144-4BC8-8C21-E6A49599CDED}.Debug|Any CPU.ActiveCfg = Debug|Any CPU
		{95F79DD1-A144-4BC8-8C21-E6A49599CDED}.Debug|Any CPU.Build.0 = Debug|Any CPU
		{95F79DD1-A144-4BC8-8C21-E6A49599CDED}.Release|Any CPU.ActiveCfg = Release|Any CPU
		{95F79DD1-A144-4BC8-8C21-E6A49599CDED}.Release|Any CPU.Build.0 = Release|Any CPU
	EndGlobalSection
	GlobalSection(SolutionProperties) = preSolution
		HideSolutionNode = FALSE
	EndGlobalSection
EndGlobal
